
Microsoft Visual Studio Solution File, Format Version 12.00
# Visual Studio Version 17
VisualStudioVersion = 17.1.32319.34
MinimumVisualStudioVersion = 10.0.40219.1
Project("{FAE04EC0-301F-11D3-BF4B-00C04F79EFBC}") = "Razor", "Razor.csproj", "{B0B463CA-F98C-4404-8ACC-4F16F4238581}"
EndProject
Global
	GlobalSection(SolutionConfigurationPlatforms) = preSolution
		Debug|Any CPU = Debug|Any CPU
		Release|Any CPU = Release|Any CPU
	EndGlobalSection
	GlobalSection(ProjectConfigurationPlatforms) = postSolution
		{B0B463CA-F98C-4404-8ACC-4F16F4238581}.Debug|Any CPU.ActiveCfg = Debug|Any CPU
		{B0B463CA-F98C-4404-8ACC-4F16F4238581}.Debug|Any CPU.Build.0 = Debug|Any CPU
		{B0B463CA-F98C-4404-8ACC-4F16F4238581}.Release|Any CPU.ActiveCfg = Release|Any CPU
		{B0B463CA-F98C-4404-8ACC-4F16F4238581}.Release|Any CPU.Build.0 = Release|Any CPU
	EndGlobalSection
	GlobalSection(SolutionProperties) = preSolution
		HideSolutionNode = FALSE
	EndGlobalSection
	GlobalSection(ExtensibilityGlobals) = postSolution
		SolutionGuid = {87A7647B-743F-499E-BC0D-959118B4905D}
	EndGlobalSection
EndGlobal
